
Microsoft Visual Studio Solution File, Format Version 12.00
# Visual Studio 15
VisualStudioVersion = 15.0.33919.361
MinimumVisualStudioVersion = 10.0.40219.1
Project("{8BC9CEB8-8B4A-11D0-8D11-00A0C91BC942}") = "CommonData", "CommonData\CommonData.vcxproj", "{E8C18DBC-4CD3-4280-9962-4529EFE716E8}"
EndProject
Global
	GlobalSection(SolutionConfigurationPlatforms) = preSolution
		Debug|x64 = Debug|x64
		Debug|x86 = Debug|x86
		Release|x64 = Release|x64
		Release|x86 = Release|x86
	EndGlobalSection
	GlobalSection(ProjectConfigurationPlatforms) = postSolution
		{E8C18DBC-4CD3-4280-9962-4529EFE716E8}.Debug|x64.ActiveCfg = Debug|x64
		{E8C18DBC-4CD3-4280-9962-4529EFE716E8}.Debug|x64.Build.0 = Debug|x64
		{E8C18DBC-4CD3-4280-9962-4529EFE716E8}.Debug|x86.ActiveCfg = Debug|Win32
		{E8C18DBC-4CD3-4280-9962-4529EFE716E8}.Debug|x86.Build.0 = Debug|Win32
		{E8C18DBC-4CD3-4280-9962-4529EFE716E8}.Release|x64.ActiveCfg = Release|x64
		{E8C18DBC-4CD3-4280-9962-4529EFE716E8}.Release|x64.Build.0 = Release|x64
		{E8C18DBC-4CD3-4280-9962-4529EFE716E8}.Release|x86.ActiveCfg = Release|Win32
		{E8C18DBC-4CD3-4280-9962-4529EFE716E8}.Release|x86.Build.0 = Release|Win32
	EndGlobalSection
	GlobalSection(SolutionProperties) = preSolution
		HideSolutionNode = FALSE
	EndGlobalSection
	GlobalSection(ExtensibilityGlobals) = postSolution
		SolutionGuid = {4158D4E6-2D98-4F9D-8454-4AB128810646}
	EndGlobalSection
EndGlobal
